
Microsoft Visual Studio Solution File, Format Version 12.00
# Visual Studio Version 17
VisualStudioVersion = 17.14.36811.4
MinimumVisualStudioVersion = 10.0.40219.1
Project("{FAE04EC0-301F-11D3-BF4B-00C04F79EFBC}") = "MazeExample", "MazeExample\MazeExample.csproj", "{C1AEB4DB-0134-408B-A496-39911F10BB0E}"
EndProject
Project("{FAE04EC0-301F-11D3-BF4B-00C04F79EFBC}") = "NeuralNetwork", "NeuralNetwork\NeuralNetwork.csproj", "{161906B5-2137-46E2-8342-D3D85B1534D0}"
EndProject
Project("{FAE04EC0-301F-11D3-BF4B-00C04F79EFBC}") = "MachineLearningExample", "MachineLearningExample\MachineLearningExample.csproj", "{ED15B704-BDDF-40FA-A24A-0CC9382CA55A}"
EndProject
Project("{FAE04EC0-301F-11D3-BF4B-00C04F79EFBC}") = "SentimentAnalysis", "SentimentAnalysis\SentimentAnalysis.csproj", "{41D52FA9-E013-48D8-911D-357CA98D8710}"
EndProject
Project("{FAE04EC0-301F-11D3-BF4B-00C04F79EFBC}") = "ImageClassification", "ImageClassification\ImageClassification.csproj", "{1530F946-B5D5-42A2-BB07-B994078BB075}"
EndProject
Project("{FAE04EC0-301F-11D3-BF4B-00C04F79EFBC}") = "Regression", "Regression\Regression.csproj", "{F2FDFFA6-45B5-4471-93E4-C4D5E61584EA}"
EndProject
Project("{FAE04EC0-301F-11D3-BF4B-00C04F79EFBC}") = "ForecastingAI", "ForecastingAI\ForecastingAI.csproj", "{C85A1E22-3C20-4DCB-938D-F08FF13E8EE4}"
EndProject
Project("{FAE04EC0-301F-11D3-BF4B-00C04F79EFBC}") = "Recommendation", "Recommendation\Recommendation.csproj", "{F7BC94BE-15D7-4394-B44F-0FD4C7E1C873}"
EndProject
Project("{FAE04EC0-301F-11D3-BF4B-00C04F79EFBC}") = "SentimentAnalysisExample", "SentimentAnalysisExample\SentimentAnalysisExample.csproj", "{F82BD57F-DDCB-4D05-B65C-2A4EEB7C9F85}"
EndProject
Project("{FAE04EC0-301F-11D3-BF4B-00C04F79EFBC}") = "AnomalyDetection", "AnomalyDetection\AnomalyDetection.csproj", "{BFE4D367-A838-4DE1-AAA2-41DA1746EFA2}"
EndProject
Global
	GlobalSection(SolutionConfigurationPlatforms) = preSolution
		Debug|Any CPU = Debug|Any CPU
		Release|Any CPU = Release|Any CPU
	EndGlobalSection
	GlobalSection(ProjectConfigurationPlatforms) = postSolution
		{C1AEB4DB-0134-408B-A496-39911F10BB0E}.Debug|Any CPU.ActiveCfg = Debug|Any CPU
		{C1AEB4DB-0134-408B-A496-39911F10BB0E}.Debug|Any CPU.Build.0 = Debug|Any CPU
		{C1AEB4DB-0134-408B-A496-39911F10BB0E}.Release|Any CPU.ActiveCfg = Release|Any CPU
		{C1AEB4DB-0134-408B-A496-39911F10BB0E}.Release|Any CPU.Build.0 = Release|Any CPU
		{161906B5-2137-46E2-8342-D3D85B1534D0}.Debug|Any CPU.ActiveCfg = Debug|Any CPU
		{161906B5-2137-46E2-8342-D3D85B1534D0}.Debug|Any CPU.Build.0 = Debug|Any CPU
		{161906B5-2137-46E2-8342-D3D85B1534D0}.Release|Any CPU.ActiveCfg = Release|Any CPU
		{161906B5-2137-46E2-8342-D3D85B1534D0}.Release|Any CPU.Build.0 = Release|Any CPU
		{ED15B704-BDDF-40FA-A24A-0CC9382CA55A}.Debug|Any CPU.ActiveCfg = Debug|Any CPU
		{ED15B704-BDDF-40FA-A24A-0CC9382CA55A}.Debug|Any CPU.Build.0 = Debug|Any CPU
		{ED15B704-BDDF-40FA-A24A-0CC9382CA55A}.Release|Any CPU.ActiveCfg = Release|Any CPU
		{ED15B704-BDDF-40FA-A24A-0CC9382CA55A}.Release|Any CPU.Build.0 = Release|Any CPU
		{41D52FA9-E013-48D8-911D-357CA98D8710}.Debug|Any CPU.ActiveCfg = Debug|Any CPU
		{41D52FA9-E013-48D8-911D-357CA98D8710}.Debug|Any CPU.Build.0 = Debug|Any CPU
		{41D52FA9-E013-48D8-911D-357CA98D8710}.Release|Any CPU.ActiveCfg = Release|Any CPU
		{41D52FA9-E013-48D8-911D-357CA98D8710}.Release|Any CPU.Build.0 = Release|Any CPU
		{1530F946-B5D5-42A2-BB07-B994078BB075}.Debug|Any CPU.ActiveCfg = Debug|Any CPU
		{1530F946-B5D5-42A2-BB07-B994078BB075}.Debug|Any CPU.Build.0 = Debug|Any CPU
		{1530F946-B5D5-42A2-BB07-B994078BB075}.Release|Any CPU.ActiveCfg = Release|Any CPU
		{1530F946-B5D5-42A2-BB07-B994078BB075}.Release|Any CPU.Build.0 = Release|Any CPU
		{F2FDFFA6-45B5-4471-93E4-C4D5E61584EA}.Debug|Any CPU.ActiveCfg = Debug|Any CPU
		{F2FDFFA6-45B5-4471-93E4-C4D5E61584EA}.Debug|Any CPU.Build.0 = Debug|Any CPU
		{F2FDFFA6-45B5-4471-93E4-C4D5E61584EA}.Release|Any CPU.ActiveCfg = Release|Any CPU
		{F2FDFFA6-45B5-4471-93E4-C4D5E61584EA}.Release|Any CPU.Build.0 = Release|Any CPU
		{C85A1E22-3C20-4DCB-938D-F08FF13E8EE4}.Debug|Any CPU.ActiveCfg = Debug|Any CPU
		{C85A1E22-3C20-4DCB-938D-F08FF13E8EE4}.Debug|Any CPU.Build.0 = Debug|Any CPU
		{C85A1E22-3C20-4DCB-938D-F08FF13E8EE4}.Release|Any CPU.ActiveCfg = Release|Any CPU
		{C85A1E22-3C20-4DCB-938D-F08FF13E8EE4}.Release|Any CPU.Build.0 = Release|Any CPU
		{F7BC94BE-15D7-4394-B44F-0FD4C7E1C873}.Debug|Any CPU.ActiveCfg = Debug|Any CPU
		{F7BC94BE-15D7-4394-B44F-0FD4C7E1C873}.Debug|Any CPU.Build.0 = Debug|Any CPU
		{F7BC94BE-15D7-4394-B44F-0FD4C7E1C873}.Release|Any CPU.ActiveCfg = Release|Any CPU
		{F7BC94BE-15D7-4394-B44F-0FD4C7E1C873}.Release|Any CPU.Build.0 = Release|Any CPU
		{F82BD57F-DDCB-4D05-B65C-2A4EEB7C9F85}.Debug|Any CPU.ActiveCfg = Debug|Any CPU
		{F82BD57F-DDCB-4D05-B65C-2A4EEB7C9F85}.Debug|Any CPU.Build.0 = Debug|Any CPU
		{F82BD57F-DDCB-4D05-B65C-2A4EEB7C9F85}.Release|Any CPU.ActiveCfg = Release|Any CPU
		{F82BD57F-DDCB-4D05-B65C-2A4EEB7C9F85}.Release|Any CPU.Build.0 = Release|Any CPU
		{BFE4D367-A838-4DE1-AAA2-41DA1746EFA2}.Debug|Any CPU.ActiveCfg = Debug|Any CPU
		{BFE4D367-A838-4DE1-AAA2-41DA1746EFA2}.Debug|Any CPU.Build.0 = Debug|Any CPU
		{BFE4D367-A838-4DE1-AAA2-41DA1746EFA2}.Release|Any CPU.ActiveCfg = Release|Any CPU
		{BFE4D367-A838-4DE1-AAA2-41DA1746EFA2}.Release|Any CPU.Build.0 = Release|Any CPU
	EndGlobalSection
	GlobalSection(SolutionProperties) = preSolution
		HideSolutionNode = FALSE
	EndGlobalSection
	GlobalSection(ExtensibilityGlobals) = postSolution
		SolutionGuid = {24973DD1-117B-457F-866A-4176E9F22C34}
	EndGlobalSection
EndGlobal
